
Microsoft Visual Studio Solution File, Format Version 12.00
# Visual Studio 15
VisualStudioVersion = 15.0.27130.2024
MinimumVisualStudioVersion = 10.0.40219.1
Project("{FAE04EC0-301F-11D3-BF4B-00C04F79EFBC}") = "QL_TapHoa", "QL_TapHoa\QL_TapHoa.csproj", "{44CC7A6C-0C7C-4A6B-A750-D458A8630EE1}"
EndProject
Global
	GlobalSection(SolutionConfigurationPlatforms) = preSolution
		Debug|Any CPU = Debug|Any CPU
		Release|Any CPU = Release|Any CPU
	EndGlobalSection
	GlobalSection(ProjectConfigurationPlatforms) = postSolution
		{44CC7A6C-0C7C-4A6B-A750-D458A8630EE1}.Debug|Any CPU.ActiveCfg = Debug|Any CPU
		{44CC7A6C-0C7C-4A6B-A750-D458A8630EE1}.Debug|Any CPU.Build.0 = Debug|Any CPU
		{44CC7A6C-0C7C-4A6B-A750-D458A8630EE1}.Release|Any CPU.ActiveCfg = Release|Any CPU
		{44CC7A6C-0C7C-4A6B-A750-D458A8630EE1}.Release|Any CPU.Build.0 = Release|Any CPU
	EndGlobalSection
	GlobalSection(SolutionProperties) = preSolution
		HideSolutionNode = FALSE
	EndGlobalSection
	GlobalSection(ExtensibilityGlobals) = postSolution
		SolutionGuid = {AF1B4FD7-45B3-4BE3-A10A-7C312FFDE633}
	EndGlobalSection
EndGlobal
